
Microsoft Visual Studio Solution File, Format Version 12.00
# Visual Studio 15
VisualStudioVersion = 15.0.28307.645
MinimumVisualStudioVersion = 10.0.40219.1
Project("{FAE04EC0-301F-11D3-BF4B-00C04F79EFBC}") = "TaskManager.Service", "TaskManager.Service\TaskManager.Service.csproj", "{FE909E62-4139-48D1-A6F9-9E6CB51D77AD}"
EndProject
Project("{FAE04EC0-301F-11D3-BF4B-00C04F79EFBC}") = "TaskManager.Model", "TaskManager.Model\TaskManager.Model.csproj", "{836D9C5F-625C-4C98-AEFD-1443EB4B6D9E}"
EndProject
Project("{FAE04EC0-301F-11D3-BF4B-00C04F79EFBC}") = "TaskManager.BusinessLayer", "TaskManager.BusinessLayer\TaskManager.BusinessLayer.csproj", "{A41645A4-1799-4DDE-86D4-2116214C6D26}"
EndProject
Project("{FAE04EC0-301F-11D3-BF4B-00C04F79EFBC}") = "TaskManager.DataLayer", "TaskManager.DataLayer\TaskManager.DataLayer.csproj", "{499CC1D7-9AF7-48F5-8C6E-CF004F2CB0A9}"
EndProject
Project("{FAE04EC0-301F-11D3-BF4B-00C04F79EFBC}") = "TaskManager.PerformanceTest", "TaskManager.PerformanceTest\TaskManager.PerformanceTest.csproj", "{4B60D5B2-DAE0-48D0-99E6-61A7C88E296E}"
EndProject
Project("{FAE04EC0-301F-11D3-BF4B-00C04F79EFBC}") = "TaskManagerService.Test", "TaskManagerService.Test\TaskManagerService.Test.csproj", "{0843A85E-1599-42D0-9727-755759B4D0DA}"
EndProject
Global
	GlobalSection(SolutionConfigurationPlatforms) = preSolution
		Debug|Any CPU = Debug|Any CPU
		Debug|ARM = Debug|ARM
		Debug|ARM64 = Debug|ARM64
		Debug|x64 = Debug|x64
		Debug|x86 = Debug|x86
		Release|Any CPU = Release|Any CPU
		Release|ARM = Release|ARM
		Release|ARM64 = Release|ARM64
		Release|x64 = Release|x64
		Release|x86 = Release|x86
	EndGlobalSection
	GlobalSection(ProjectConfigurationPlatforms) = postSolution
		{FE909E62-4139-48D1-A6F9-9E6CB51D77AD}.Debug|Any CPU.ActiveCfg = Debug|Any CPU
		{FE909E62-4139-48D1-A6F9-9E6CB51D77AD}.Debug|Any CPU.Build.0 = Debug|Any CPU
		{FE909E62-4139-48D1-A6F9-9E6CB51D77AD}.Debug|ARM.ActiveCfg = Debug|Any CPU
		{FE909E62-4139-48D1-A6F9-9E6CB51D77AD}.Debug|ARM.Build.0 = Debug|Any CPU
		{FE909E62-4139-48D1-A6F9-9E6CB51D77AD}.Debug|ARM64.ActiveCfg = Debug|Any CPU
		{FE909E62-4139-48D1-A6F9-9E6CB51D77AD}.Debug|ARM64.Build.0 = Debug|Any CPU
		{FE909E62-4139-48D1-A6F9-9E6CB51D77AD}.Debug|x64.ActiveCfg = Debug|Any CPU
		{FE909E62-4139-48D1-A6F9-9E6CB51D77AD}.Debug|x64.Build.0 = Debug|Any CPU
		{FE909E62-4139-48D1-A6F9-9E6CB51D77AD}.Debug|x86.ActiveCfg = Debug|Any CPU
		{FE909E62-4139-48D1-A6F9-9E6CB51D77AD}.Debug|x86.Build.0 = Debug|Any CPU
		{FE909E62-4139-48D1-A6F9-9E6CB51D77AD}.Release|Any CPU.ActiveCfg = Release|Any CPU
		{FE909E62-4139-48D1-A6F9-9E6CB51D77AD}.Release|Any CPU.Build.0 = Release|Any CPU
		{FE909E62-4139-48D1-A6F9-9E6CB51D77AD}.Release|ARM.ActiveCfg = Release|Any CPU
		{FE909E62-4139-48D1-A6F9-9E6CB51D77AD}.Release|ARM.Build.0 = Release|Any CPU
		{FE909E62-4139-48D1-A6F9-9E6CB51D77AD}.Release|ARM64.ActiveCfg = Release|Any CPU
		{FE909E62-4139-48D1-A6F9-9E6CB51D77AD}.Release|ARM64.Build.0 = Release|Any CPU
		{FE909E62-4139-48D1-A6F9-9E6CB51D77AD}.Release|x64.ActiveCfg = Release|Any CPU
		{FE909E62-4139-48D1-A6F9-9E6CB51D77AD}.Release|x64.Build.0 = Release|Any CPU
		{FE909E62-4139-48D1-A6F9-9E6CB51D77AD}.Release|x86.ActiveCfg = Release|Any CPU
		{FE909E62-4139-48D1-A6F9-9E6CB51D77AD}.Release|x86.Build.0 = Release|Any CPU
		{836D9C5F-625C-4C98-AEFD-1443EB4B6D9E}.Debug|Any CPU.ActiveCfg = Debug|Any CPU
		{836D9C5F-625C-4C98-AEFD-1443EB4B6D9E}.Debug|Any CPU.Build.0 = Debug|Any CPU
		{836D9C5F-625C-4C98-AEFD-1443EB4B6D9E}.Debug|ARM.ActiveCfg = Debug|Any CPU
		{836D9C5F-625C-4C98-AEFD-1443EB4B6D9E}.Debug|ARM.Build.0 = Debug|Any CPU
		{836D9C5F-625C-4C98-AEFD-1443EB4B6D9E}.Debug|ARM64.ActiveCfg = Debug|Any CPU
		{836D9C5F-625C-4C98-AEFD-1443EB4B6D9E}.Debug|ARM64.Build.0 = Debug|Any CPU
		{836D9C5F-625C-4C98-AEFD-1443EB4B6D9E}.Debug|x64.ActiveCfg = Debug|Any CPU
		{836D9C5F-625C-4C98-AEFD-1443EB4B6D9E}.Debug|x64.Build.0 = Debug|Any CPU
		{836D9C5F-625C-4C98-AEFD-1443EB4B6D9E}.Debug|x86.ActiveCfg = Debug|Any CPU
		{836D9C5F-625C-4C98-AEFD-1443EB4B6D9E}.Debug|x86.Build.0 = Debug|Any CPU
		{836D9C5F-625C-4C98-AEFD-1443EB4B6D9E}.Release|Any CPU.ActiveCfg = Release|Any CPU
		{836D9C5F-625C-4C98-AEFD-1443EB4B6D9E}.Release|Any CPU.Build.0 = Release|Any CPU
		{836D9C5F-625C-4C98-AEFD-1443EB4B6D9E}.Release|ARM.ActiveCfg = Release|Any CPU
		{836D9C5F-625C-4C98-AEFD-1443EB4B6D9E}.Release|ARM.Build.0 = Release|Any CPU
		{836D9C5F-625C-4C98-AEFD-1443EB4B6D9E}.Release|ARM64.ActiveCfg = Release|Any CPU
		{836D9C5F-625C-4C98-AEFD-1443EB4B6D9E}.Release|ARM64.Build.0 = Release|Any CPU
		{836D9C5F-625C-4C98-AEFD-1443EB4B6D9E}.Release|x64.ActiveCfg = Release|Any CPU
		{836D9C5F-625C-4C98-AEFD-1443EB4B6D9E}.Release|x64.Build.0 = Release|Any CPU
		{836D9C5F-625C-4C98-AEFD-1443EB4B6D9E}.Release|x86.ActiveCfg = Release|Any CPU
		{836D9C5F-625C-4C98-AEFD-1443EB4B6D9E}.Release|x86.Build.0 = Release|Any CPU
		{A41645A4-1799-4DDE-86D4-2116214C6D26}.Debug|Any CPU.ActiveCfg = Debug|Any CPU
		{A41645A4-1799-4DDE-86D4-2116214C6D26}.Debug|Any CPU.Build.0 = Debug|Any CPU
		{A41645A4-1799-4DDE-86D4-2116214C6D26}.Debug|ARM.ActiveCfg = Debug|Any CPU
		{A41645A4-1799-4DDE-86D4-2116214C6D26}.Debug|ARM.Build.0 = Debug|Any CPU
		{A41645A4-1799-4DDE-86D4-2116214C6D26}.Debug|ARM64.ActiveCfg = Debug|Any CPU
		{A41645A4-1799-4DDE-86D4-2116214C6D26}.Debug|ARM64.Build.0 = Debug|Any CPU
		{A41645A4-1799-4DDE-86D4-2116214C6D26}.Debug|x64.ActiveCfg = Debug|Any CPU
		{A41645A4-1799-4DDE-86D4-2116214C6D26}.Debug|x64.Build.0 = Debug|Any CPU
		{A41645A4-1799-4DDE-86D4-2116214C6D26}.Debug|x86.ActiveCfg = Debug|Any CPU
		{A41645A4-1799-4DDE-86D4-2116214C6D26}.Debug|x86.Build.0 = Debug|Any CPU
		{A41645A4-1799-4DDE-86D4-2116214C6D26}.Release|Any CPU.ActiveCfg = Release|Any CPU
		{A41645A4-1799-4DDE-86D4-2116214C6D26}.Release|Any CPU.Build.0 = Release|Any CPU
		{A41645A4-1799-4DDE-86D4-2116214C6D26}.Release|ARM.ActiveCfg = Release|Any CPU
		{A41645A4-1799-4DDE-86D4-2116214C6D26}.Release|ARM.Build.0 = Release|Any CPU
		{A41645A4-1799-4DDE-86D4-2116214C6D26}.Release|ARM64.ActiveCfg = Release|Any CPU
		{A41645A4-1799-4DDE-86D4-2116214C6D26}.Release|ARM64.Build.0 = Release|Any CPU
		{A41645A4-1799-4DDE-86D4-2116214C6D26}.Release|x64.ActiveCfg = Release|Any CPU
		{A41645A4-1799-4DDE-86D4-2116214C6D26}.Release|x64.Build.0 = Release|Any CPU
		{A41645A4-1799-4DDE-86D4-2116214C6D26}.Release|x86.ActiveCfg = Release|Any CPU
		{A41645A4-1799-4DDE-86D4-2116214C6D26}.Release|x86.Build.0 = Release|Any CPU
		{499CC1D7-9AF7-48F5-8C6E-CF004F2CB0A9}.Debug|Any CPU.ActiveCfg = Debug|Any CPU
		{499CC1D7-9AF7-48F5-8C6E-CF004F2CB0A9}.Debug|Any CPU.Build.0 = Debug|Any CPU
		{499CC1D7-9AF7-48F5-8C6E-CF004F2CB0A9}.Debug|ARM.ActiveCfg = Debug|Any CPU
		{499CC1D7-9AF7-48F5-8C6E-CF004F2CB0A9}.Debug|ARM.Build.0 = Debug|Any CPU
		{499CC1D7-9AF7-48F5-8C6E-CF004F2CB0A9}.Debug|ARM64.ActiveCfg = Debug|Any CPU
		{499CC1D7-9AF7-48F5-8C6E-CF004F2CB0A9}.Debug|ARM64.Build.0 = Debug|Any CPU
		{499CC1D7-9AF7-48F5-8C6E-CF004F2CB0A9}.Debug|x64.ActiveCfg = Debug|Any CPU
		{499CC1D7-9AF7-48F5-8C6E-CF004F2CB0A9}.Debug|x64.Build.0 = Debug|Any CPU
		{499CC1D7-9AF7-48F5-8C6E-CF004F2CB0A9}.Debug|x86.ActiveCfg = Debug|Any CPU
		{499CC1D7-9AF7-48F5-8C6E-CF004F2CB0A9}.Debug|x86.Build.0 = Debug|Any CPU
		{499CC1D7-9AF7-48F5-8C6E-CF004F2CB0A9}.Release|Any CPU.ActiveCfg = Release|Any CPU
		{499CC1D7-9AF7-48F5-8C6E-CF004F2CB0A9}.Release|Any CPU.Build.0 = Release|Any CPU
		{499CC1D7-9AF7-48F5-8C6E-CF004F2CB0A9}.Release|ARM.ActiveCfg = Release|Any CPU
		{499CC1D7-9AF7-48F5-8C6E-CF004F2CB0A9}.Release|ARM.Build.0 = Release|Any CPU
		{499CC1D7-9AF7-48F5-8C6E-CF004F2CB0A9}.Release|ARM64.ActiveCfg = Release|Any CPU
		{499CC1D7-9AF7-48F5-8C6E-CF004F2CB0A9}.Release|ARM64.Build.0 = Release|Any CPU
		{499CC1D7-9AF7-48F5-8C6E-CF004F2CB0A9}.Release|x64.ActiveCfg = Release|Any CPU
		{499CC1D7-9AF7-48F5-8C6E-CF004F2CB0A9}.Release|x64.Build.0 = Release|Any CPU
		{499CC1D7-9AF7-48F5-8C6E-CF004F2CB0A9}.Release|x86.ActiveCfg = Release|Any CPU
		{499CC1D7-9AF7-48F5-8C6E-CF004F2CB0A9}.Release|x86.Build.0 = Release|Any CPU
		{4B60D5B2-DAE0-48D0-99E6-61A7C88E296E}.Debug|Any CPU.ActiveCfg = Debug|Any CPU
		{4B60D5B2-DAE0-48D0-99E6-61A7C88E296E}.Debug|Any CPU.Build.0 = Debug|Any CPU
		{4B60D5B2-DAE0-48D0-99E6-61A7C88E296E}.Debug|ARM.ActiveCfg = Debug|Any CPU
		{4B60D5B2-DAE0-48D0-99E6-61A7C88E296E}.Debug|ARM.Build.0 = Debug|Any CPU
		{4B60D5B2-DAE0-48D0-99E6-61A7C88E296E}.Debug|ARM64.ActiveCfg = Debug|Any CPU
		{4B60D5B2-DAE0-48D0-99E6-61A7C88E296E}.Debug|ARM64.Build.0 = Debug|Any CPU
		{4B60D5B2-DAE0-48D0-99E6-61A7C88E296E}.Debug|x64.ActiveCfg = Debug|Any CPU
		{4B60D5B2-DAE0-48D0-99E6-61A7C88E296E}.Debug|x64.Build.0 = Debug|Any CPU
		{4B60D5B2-DAE0-48D0-99E6-61A7C88E296E}.Debug|x86.ActiveCfg = Debug|Any CPU
		{4B60D5B2-DAE0-48D0-99E6-61A7C88E296E}.Debug|x86.Build.0 = Debug|Any CPU
		{4B60D5B2-DAE0-48D0-99E6-61A7C88E296E}.Release|Any CPU.ActiveCfg = Release|Any CPU
		{4B60D5B2-DAE0-48D0-99E6-61A7C88E296E}.Release|Any CPU.Build.0 = Release|Any CPU
		{4B60D5B2-DAE0-48D0-99E6-61A7C88E296E}.Release|ARM.ActiveCfg = Release|Any CPU
		{4B60D5B2-DAE0-48D0-99E6-61A7C88E296E}.Release|ARM.Build.0 = Release|Any CPU
		{4B60D5B2-DAE0-48D0-99E6-61A7C88E296E}.Release|ARM64.ActiveCfg = Release|Any CPU
		{4B60D5B2-DAE0-48D0-99E6-61A7C88E296E}.Release|ARM64.Build.0 = Release|Any CPU
		{4B60D5B2-DAE0-48D0-99E6-61A7C88E296E}.Release|x64.ActiveCfg = Release|Any CPU
		{4B60D5B2-DAE0-48D0-99E6-61A7C88E296E}.Release|x64.Build.0 = Release|Any CPU
		{4B60D5B2-DAE0-48D0-99E6-61A7C88E296E}.Release|x86.ActiveCfg = Release|Any CPU
		{4B60D5B2-DAE0-48D0-99E6-61A7C88E296E}.Release|x86.Build.0 = Release|Any CPU
		{0843A85E-1599-42D0-9727-755759B4D0DA}.Debug|Any CPU.ActiveCfg = Debug|Any CPU
		{0843A85E-1599-42D0-9727-755759B4D0DA}.Debug|Any CPU.Build.0 = Debug|Any CPU
		{0843A85E-1599-42D0-9727-755759B4D0DA}.Debug|ARM.ActiveCfg = Debug|Any CPU
		{0843A85E-1599-42D0-9727-755759B4D0DA}.Debug|ARM.Build.0 = Debug|Any CPU
		{0843A85E-1599-42D0-9727-755759B4D0DA}.Debug|ARM64.ActiveCfg = Debug|Any CPU
		{0843A85E-1599-42D0-9727-755759B4D0DA}.Debug|ARM64.Build.0 = Debug|Any CPU
		{0843A85E-1599-42D0-9727-755759B4D0DA}.Debug|x64.ActiveCfg = Debug|Any CPU
		{0843A85E-1599-42D0-9727-755759B4D0DA}.Debug|x64.Build.0 = Debug|Any CPU
		{0843A85E-1599-42D0-9727-755759B4D0DA}.Debug|x86.ActiveCfg = Debug|Any CPU
		{0843A85E-1599-42D0-9727-755759B4D0DA}.Debug|x86.Build.0 = Debug|Any CPU
		{0843A85E-1599-42D0-9727-755759B4D0DA}.Release|Any CPU.ActiveCfg = Release|Any CPU
		{0843A85E-1599-42D0-9727-755759B4D0DA}.Release|Any CPU.Build.0 = Release|Any CPU
		{0843A85E-1599-42D0-9727-755759B4D0DA}.Release|ARM.ActiveCfg = Release|Any CPU
		{0843A85E-1599-42D0-9727-755759B4D0DA}.Release|ARM.Build.0 = Release|Any CPU
		{0843A85E-1599-42D0-9727-755759B4D0DA}.Release|ARM64.ActiveCfg = Release|Any CPU
		{0843A85E-1599-42D0-9727-755759B4D0DA}.Release|ARM64.Build.0 = Release|Any CPU
		{0843A85E-1599-42D0-9727-755759B4D0DA}.Release|x64.ActiveCfg = Release|Any CPU
		{0843A85E-1599-42D0-9727-755759B4D0DA}.Release|x64.Build.0 = Release|Any CPU
		{0843A85E-1599-42D0-9727-755759B4D0DA}.Release|x86.ActiveCfg = Release|Any CPU
		{0843A85E-1599-42D0-9727-755759B4D0DA}.Release|x86.Build.0 = Release|Any CPU
	EndGlobalSection
	GlobalSection(SolutionProperties) = preSolution
		HideSolutionNode = FALSE
	EndGlobalSection
	GlobalSection(ExtensibilityGlobals) = postSolution
		SolutionGuid = {72D660FE-1DA0-4FA3-97F9-7DE3F4E6DAC3}
	EndGlobalSection
EndGlobal
